// !$*UTF8*$!
{
	archiveVersion = 1;
	classes = {
	};
	objectVersion = 48;
	objects = {

/* Begin PBXBuildFile section */
		2E38D4FD202E2AEA00839D4F /* AppDelegate.swift in Sources */ = {isa = PBXBuildFile; fileRef = 2E38D4FC202E2AEA00839D4F /* AppDelegate.swift */; };
		2E38D4FF202E2AEA00839D4F /* ViewController.swift in Sources */ = {isa = PBXBuildFile; fileRef = 2E38D4FE202E2AEA00839D4F /* ViewController.swift */; };
		2E38D502202E2AEA00839D4F /* Main.storyboard in Resources */ = {isa = PBXBuildFile; fileRef = 2E38D500202E2AEA00839D4F /* Main.storyboard */; };
		2E38D504202E2AEA00839D4F /* Assets.xcassets in Resources */ = {isa = PBXBuildFile; fileRef = 2E38D503202E2AEA00839D4F /* Assets.xcassets */; };
		2E38D507202E2AEA00839D4F /* LaunchScreen.storyboard in Resources */ = {isa = PBXBuildFile; fileRef = 2E38D505202E2AEA00839D4F /* LaunchScreen.storyboard */; };
		2E38D512202E2AEA00839D4F /* MyAppTests.swift in Sources */ = {isa = PBXBuildFile; fileRef = 2E38D511202E2AEA00839D4F /* MyAppTests.swift */; };
		2E38D51D202E2AEA00839D4F /* MyAppUITests.swift in Sources */ = {isa = PBXBuildFile; fileRef = 2E38D51C202E2AEA00839D4F /* MyAppUITests.swift */; };
/* End PBXBuildFile section */

/* Begin PBXContainerItemProxy section */
		2E38D50E202E2AEA00839D4F /* PBXContainerItemProxy */ = {
			isa = PBXContainerItemProxy;
			containerPortal = 2E38D4F1202E2AEA00839D4F /* Project object */;
			proxyType = 1;
			remoteGlobalIDString = 2E38D4F8202E2AEA00839D4F;
			remoteInfo = MyApp;
		};
		2E38D519202E2AEA00839D4F /* PBXContainerItemProxy */ = {
			isa = PBXContainerItemProxy;
			containerPortal = 2E38D4F1202E2AEA00839D4F /* Project object */;
			proxyType = 1;
			remoteGlobalIDString = 2E38D4F8202E2AEA00839D4F;
			remoteInfo = MyApp;
		};
/* End PBXContainerItemProxy section */

/* Begin PBXFileReference section */
		2E38D4F9202E2AEA00839D4F /* MyApp.app */ = {isa = PBXFileReference; explicitFileType = wrapper.application; includeInIndex = 0; path = MyApp.app; sourceTree = BUILT_PRODUCTS_DIR; };
		2E38D4FC202E2AEA00839D4F /* AppDelegate.swift */ = {isa = PBXFileReference; lastKnownFileType = sourcecode.swift; path = AppDelegate.swift; sourceTree = "<group>"; };
		2E38D4FE202E2AEA00839D4F /* ViewController.swift */ = {isa = PBXFileReference; lastKnownFileType = sourcecode.swift; path = ViewController.swift; sourceTree = "<group>"; };
		2E38D501202E2AEA00839D4F /* Base */ = {isa = PBXFileReference; lastKnownFileType = file.storyboard; name = Base; path = Base.lproj/Main.storyboard; sourceTree = "<group>"; };
		2E38D503202E2AEA00839D4F /* Assets.xcassets */ = {isa = PBXFileReference; lastKnownFileType = folder.assetcatalog; path = Assets.xcassets; sourceTree = "<group>"; };
		2E38D506202E2AEA00839D4F /* Base */ = {isa = PBXFileReference; lastKnownFileType = file.storyboard; name = Base; path = Base.lproj/LaunchScreen.storyboard; sourceTree = "<group>"; };
		2E38D508202E2AEA00839D4F /* Info.plist */ = {isa = PBXFileReference; lastKnownFileType = text.plist.xml; path = Info.plist; sourceTree = "<group>"; };
		2E38D50D202E2AEA00839D4F /* MyAppTests.xctest */ = {isa = PBXFileReference; explicitFileType = wrapper.cfbundle; includeInIndex = 0; path = MyAppTests.xctest; sourceTree = BUILT_PRODUCTS_DIR; };
		2E38D511202E2AEA00839D4F /* MyAppTests.swift */ = {isa = PBXFileReference; lastKnownFileType = sourcecode.swift; path = MyAppTests.swift; sourceTree = "<group>"; };
		2E38D513202E2AEA00839D4F /* Info.plist */ = {isa = PBXFileReference; lastKnownFileType = text.plist.xml; path = Info.plist; sourceTree = "<group>"; };
		2E38D518202E2AEA00839D4F /* MyAppUITests.xctest */ = {isa = PBXFileReference; explicitFileType = wrapper.cfbundle; includeInIndex = 0; path = MyAppUITests.xctest; sourceTree = BUILT_PRODUCTS_DIR; };
		2E38D51C202E2AEA00839D4F /* MyAppUITests.swift */ = {isa = PBXFileReference; lastKnownFileType = sourcecode.swift; path = MyAppUITests.swift; sourceTree = "<group>"; };
		2E38D51E202E2AEA00839D4F /* Info.plist */ = {isa = PBXFileReference; lastKnownFileType = text.plist.xml; path = Info.plist; sourceTree = "<group>"; };
/* End PBXFileReference section */

/* Begin PBXFrameworksBuildPhase section */
		2E38D4F6202E2AEA00839D4F /* Frameworks */ = {
			isa = PBXFrameworksBuildPhase;
			buildActionMask = 2147483647;
			files = (
			);
			runOnlyForDeploymentPostprocessing = 0;
		};
		2E38D50A202E2AEA00839D4F /* Frameworks */ = {
			isa = PBXFrameworksBuildPhase;
			buildActionMask = 2147483647;
			files = (
			);
			runOnlyForDeploymentPostprocessing = 0;
		};
		2E38D515202E2AEA00839D4F /* Frameworks */ = {
			isa = PBXFrameworksBuildPhase;
			buildActionMask = 2147483647;
			files = (
			);
			runOnlyForDeploymentPostprocessing = 0;
		};
/* End PBXFrameworksBuildPhase section */

/* Begin PBXGroup section */
		2E38D4F0202E2AEA00839D4F = {
			isa = PBXGroup;
			children = (
				2E38D4FB202E2AEA00839D4F /* MyApp */,
				2E38D510202E2AEA00839D4F /* MyAppTests */,
				2E38D51B202E2AEA00839D4F /* MyAppUITests */,
				2E38D4FA202E2AEA00839D4F /* Products */,
			);
			sourceTree = "<group>";
		};
		2E38D4FA202E2AEA00839D4F /* Products */ = {
			isa = PBXGroup;
			children = (
				2E38D4F9202E2AEA00839D4F /* MyApp.app */,
				2E38D50D202E2AEA00839D4F /* MyAppTests.xctest */,
				2E38D518202E2AEA00839D4F /* MyAppUITests.xctest */,
			);
			name = Products;
			sourceTree = "<group>";
		};
		2E38D4FB202E2AEA00839D4F /* MyApp */ = {
			isa = PBXGroup;
			children = (
				2E38D4FC202E2AEA00839D4F /* AppDelegate.swift */,
				2E38D4FE202E2AEA00839D4F /* ViewController.swift */,
				2E38D500202E2AEA00839D4F /* Main.storyboard */,
				2E38D503202E2AEA00839D4F /* Assets.xcassets */,
				2E38D505202E2AEA00839D4F /* LaunchScreen.storyboard */,
				2E38D508202E2AEA00839D4F /* Info.plist */,
			);
			path = MyApp;
			sourceTree = "<group>";
		};
		2E38D510202E2AEA00839D4F /* MyAppTests */ = {
			isa = PBXGroup;
			children = (
				2E38D511202E2AEA00839D4F /* MyAppTests.swift */,
				2E38D513202E2AEA00839D4F /* Info.plist */,
			);
			path = MyAppTests;
			sourceTree = "<group>";
		};
		2E38D51B202E2AEA00839D4F /* MyAppUITests */ = {
			isa = PBXGroup;
			children = (
				2E38D51C202E2AEA00839D4F /* MyAppUITests.swift */,
				2E38D51E202E2AEA00839D4F /* Info.plist */,
			);
			path = MyAppUITests;
			sourceTree = "<group>";
		};
/* End PBXGroup section */

/* Begin PBXNativeTarget section */
		2E38D4F8202E2AEA00839D4F /* MyApp */ = {
			isa = PBXNativeTarget;
			buildConfigurationList = 2E38D521202E2AEA00839D4F /* Build configuration list for PBXNativeTarget "MyApp" */;
			buildPhases = (
				2E38D4F5202E2AEA00839D4F /* Sources */,
				2E38D4F6202E2AEA00839D4F /* Frameworks */,
				2E38D4F7202E2AEA00839D4F /* Resources */,
			);
			buildRules = (
			);
			dependencies = (
			);
			name = MyApp;
			productName = MyApp;
			productReference = 2E38D4F9202E2AEA00839D4F /* MyApp.app */;
			productType = "com.apple.product-type.application";
		};
		2E38D50C202E2AEA00839D4F /* MyAppTests */ = {
			isa = PBXNativeTarget;
			buildConfigurationList = 2E38D524202E2AEA00839D4F /* Build configuration list for PBXNativeTarget "MyAppTests" */;
			buildPhases = (
				2E38D509202E2AEA00839D4F /* Sources */,
				2E38D50A202E2AEA00839D4F /* Frameworks */,
				2E38D50B202E2AEA00839D4F /* Resources */,
			);
			buildRules = (
			);
			dependencies = (
				2E38D50F202E2AEA00839D4F /* PBXTargetDependency */,
			);
			name = MyAppTests;
			productName = MyAppTests;
			productReference = 2E38D50D202E2AEA00839D4F /* MyAppTests.xctest */;
			productType = "com.apple.product-type.bundle.unit-test";
		};
		2E38D517202E2AEA00839D4F /* MyAppUITests */ = {
			isa = PBXNativeTarget;
			buildConfigurationList = 2E38D527202E2AEA00839D4F /* Build configuration list for PBXNativeTarget "MyAppUITests" */;
			buildPhases = (
				2E38D514202E2AEA00839D4F /* Sources */,
				2E38D515202E2AEA00839D4F /* Frameworks */,
				2E38D516202E2AEA00839D4F /* Resources */,
			);
			buildRules = (
			);
			dependencies = (
				2E38D51A202E2AEA00839D4F /* PBXTargetDependency */,
			);
			name = MyAppUITests;
			productName = MyAppUITests;
			productReference = 2E38D518202E2AEA00839D4F /* MyAppUITests.xctest */;
			productType = "com.apple.product-type.bundle.ui-testing";
		};
/* End PBXNativeTarget section */

/* Begin PBXProject section */
		2E38D4F1202E2AEA00839D4F /* Project object */ = {
			isa = PBXProject;
			attributes = {
				LastSwiftUpdateCheck = 0920;
				LastUpgradeCheck = 0920;
				ORGANIZATIONNAME = nqucsie;
				TargetAttributes = {
					2E38D4F8202E2AEA00839D4F = {
						CreatedOnToolsVersion = 9.2;
						ProvisioningStyle = Automatic;
					};
					2E38D50C202E2AEA00839D4F = {
						CreatedOnToolsVersion = 9.2;
						ProvisioningStyle = Automatic;
						TestTargetID = 2E38D4F8202E2AEA00839D4F;
					};
					2E38D517202E2AEA00839D4F = {
						CreatedOnToolsVersion = 9.2;
						ProvisioningStyle = Automatic;
						TestTargetID = 2E38D4F8202E2AEA00839D4F;
					};
				};
			};
			buildConfigurationList = 2E38D4F4202E2AEA00839D4F /* Build configuration list for PBXProject "MyApp" */;
			compatibilityVersion = "Xcode 8.0";
			developmentRegion = en;
			hasScannedForEncodings = 0;
			knownRegions = (
				en,
				Base,
			);
			mainGroup = 2E38D4F0202E2AEA00839D4F;
			productRefGroup = 2E38D4FA202E2AEA00839D4F /* Products */;
			projectDirPath = "";
			projectRoot = "";
			targets = (
				2E38D4F8202E2AEA00839D4F /* MyApp */,
				2E38D50C202E2AEA00839D4F /* MyAppTests */,
				2E38D517202E2AEA00839D4F /* MyAppUITests */,
			);
		};
/* End PBXProject section */

/* Begin PBXResourcesBuildPhase section */
		2E38D4F7202E2AEA00839D4F /* Resources */ = {
			isa = PBXResourcesBuildPhase;
			buildActionMask = 2147483647;
			files = (
				2E38D507202E2AEA00839D4F /* LaunchScreen.storyboard in Resources */,
				2E38D504202E2AEA00839D4F /* Assets.xcassets in Resources */,
				2E38D502202E2AEA00839D4F /* Main.storyboard in Resources */,
			);
			runOnlyForDeploymentPostprocessing = 0;
		};
		2E38D50B202E2AEA00839D4F /* Resources */ = {
			isa = PBXResourcesBuildPhase;
			buildActionMask = 2147483647;
			files = (
			);
			runOnlyForDeploymentPostprocessing = 0;
		};
		2E38D516202E2AEA00839D4F /* Resources */ = {
			isa = PBXResourcesBuildPhase;
			buildActionMask = 2147483647;
			files = (
			);
			runOnlyForDeploymentPostprocessing = 0;
		};
/* End PBXResourcesBuildPhase section */

/* Begin PBXSourcesBuildPhase section */
		2E38D4F5202E2AEA00839D4F /* Sources */ = {
			isa = PBXSourcesBuildPhase;
			buildActionMask = 2147483647;
			files = (
				2E38D4FF202E2AEA00839D4F /* ViewController.swift in Sources */,
				2E38D4FD202E2AEA00839D4F /* AppDelegate.swift in Sources */,
			);
			runOnlyForDeploymentPostprocessing = 0;
		};
		2E38D509202E2AEA00839D4F /* Sources */ = {
			isa = PBXSourcesBuildPhase;
			buildActionMask = 2147483647;
			files = (
				2E38D512202E2AEA00839D4F /* MyAppTests.swift in Sources */,
			);
			runOnlyForDeploymentPostprocessing = 0;
		};
		2E38D514202E2AEA00839D4F /* Sources */ = {
			isa = PBXSourcesBuildPhase;
			buildActionMask = 2147483647;
			files = (
				2E38D51D202E2AEA00839D4F /* MyAppUITests.swift in Sources */,
			);
			runOnlyForDeploymentPostprocessing = 0;
		};
/* End PBXSourcesBuildPhase section */

/* Begin PBXTargetDependency section */
		2E38D50F202E2AEA00839D4F /* PBXTargetDependency */ = {
			isa = PBXTargetDependency;
			target = 2E38D4F8202E2AEA00839D4F /* MyApp */;
			targetProxy = 2E38D50E202E2AEA00839D4F /* PBXContainerItemProxy */;
		};
		2E38D51A202E2AEA00839D4F /* PBXTargetDependency */ = {
			isa = PBXTargetDependency;
			target = 2E38D4F8202E2AEA00839D4F /* MyApp */;
			targetProxy = 2E38D519202E2AEA00839D4F /* PBXContainerItemProxy */;
		};
/* End PBXTargetDependency section */

/* Begin PBXVariantGroup section */
		2E38D500202E2AEA00839D4F /* Main.storyboard */ = {
			isa = PBXVariantGroup;
			children = (
				2E38D501202E2AEA00839D4F /* Base */,
			);
			name = Main.storyboard;
			sourceTree = "<group>";
		};
		2E38D505202E2AEA00839D4F /* LaunchScreen.storyboard */ = {
			isa = PBXVariantGroup;
			children = (
				2E38D506202E2AEA00839D4F /* Base */,
			);
			name = LaunchScreen.storyboard;
			sourceTree = "<group>";
		};
/* End PBXVariantGroup section */

/* Begin XCBuildConfiguration section */
		2E38D51F202E2AEA00839D4F /* Debug */ = {
			isa = XCBuildConfiguration;
			buildSettings = {
				ALWAYS_SEARCH_USER_PATHS = NO;
				CLANG_ANALYZER_NONNULL = YES;
				CLANG_ANALYZER_NUMBER_OBJECT_CONVERSION = YES_AGGRESSIVE;
				CLANG_CXX_LANGUAGE_STANDARD = "gnu++14";
				CLANG_CXX_LIBRARY = "libc++";
				CLANG_ENABLE_MODULES = YES;
				CLANG_ENABLE_OBJC_ARC = YES;
				CLANG_WARN_BLOCK_CAPTURE_AUTORELEASING = YES;
				CLANG_WARN_BOOL_CONVERSION = YES;
				CLANG_WARN_COMMA = YES;
				CLANG_WARN_CONSTANT_CONVERSION = YES;
				CLANG_WARN_DIRECT_OBJC_ISA_USAGE = YES_ERROR;
				CLANG_WARN_DOCUMENTATION_COMMENTS = YES;
				CLANG_WARN_EMPTY_BODY = YES;
				CLANG_WARN_ENUM_CONVERSION = YES;
				CLANG_WARN_INFINITE_RECURSION = YES;
				CLANG_WARN_INT_CONVERSION = YES;
				CLANG_WARN_NON_LITERAL_NULL_CONVERSION = YES;
				CLANG_WARN_OBJC_LITERAL_CONVERSION = YES;
				CLANG_WARN_OBJC_ROOT_CLASS = YES_ERROR;
				CLANG_WARN_RANGE_LOOP_ANALYSIS = YES;
				CLANG_WARN_STRICT_PROTOTYPES = YES;
				CLANG_WARN_SUSPICIOUS_MOVE = YES;
				CLANG_WARN_UNGUARDED_AVAILABILITY = YES_AGGRESSIVE;
				CLANG_WARN_UNREACHABLE_CODE = YES;
				CLANG_WARN__DUPLICATE_METHOD_MATCH = YES;
				CODE_SIGN_IDENTITY = "iPhone Developer";
				COPY_PHASE_STRIP = NO;
				DEBUG_INFORMATION_FORMAT = dwarf;
				ENABLE_STRICT_OBJC_MSGSEND = YES;
				ENABLE_TESTABILITY = YES;
				GCC_C_LANGUAGE_STANDARD = gnu11;
				GCC_DYNAMIC_NO_PIC = NO;
				GCC_NO_COMMON_BLOCKS = YES;
				GCC_OPTIMIZATION_LEVEL = 0;
				GCC_PREPROCESSOR_DEFINITIONS = (
					"DEBUG=1",
					"$(inherited)",
				);
				GCC_WARN_64_TO_32_BIT_CONVERSION = YES;
				GCC_WARN_ABOUT_RETURN_TYPE = YES_ERROR;
				GCC_WARN_UNDECLARED_SELECTOR = YES;
				GCC_WARN_UNINITIALIZED_AUTOS = YES_AGGRESSIVE;
				GCC_WARN_UNUSED_FUNCTION = YES;
				GCC_WARN_UNUSED_VARIABLE = YES;
				IPHONEOS_DEPLOYMENT_TARGET = 11.2;
				MTL_ENABLE_DEBUG_INFO = YES;
				ONLY_ACTIVE_ARCH = YES;
				SDKROOT = iphoneos;
				SWIFT_ACTIVE_COMPILATION_CONDITIONS = DEBUG;
				SWIFT_OPTIMIZATION_LEVEL = "-Onone";
			};
			name = Debug;
		};
		2E38D520202E2AEA00839D4F /* Release */ = {
			isa = XCBuildConfiguration;
			buildSettings = {
				ALWAYS_SEARCH_USER_PATHS = NO;
				CLANG_ANALYZER_NONNULL = YES;
				CLANG_ANALYZER_NUMBER_OBJECT_CONVERSION = YES_AGGRESSIVE;
				CLANG_CXX_LANGUAGE_STANDARD = "gnu++14";
				CLANG_CXX_LIBRARY = "libc++";
				CLANG_ENABLE_MODULES = YES;
				CLANG_ENABLE_OBJC_ARC = YES;
				CLANG_WARN_BLOCK_CAPTURE_AUTORELEASING = YES;
				CLANG_WARN_BOOL_CONVERSION = YES;
				CLANG_WARN_COMMA = YES;
				CLANG_WARN_CONSTANT_CONVERSION = YES;
				CLANG_WARN_DIRECT_OBJC_ISA_USAGE = YES_ERROR;
				CLANG_WARN_DOCUMENTATION_COMMENTS = YES;
				CLANG_WARN_EMPTY_BODY = YES;
				CLANG_WARN_ENUM_CONVERSION = YES;
				CLANG_WARN_INFINITE_RECURSION = YES;
				CLANG_WARN_INT_CONVERSION = YES;
				CLANG_WARN_NON_LITERAL_NULL_CONVERSION = YES;
				CLANG_WARN_OBJC_LITERAL_CONVERSION = YES;
				CLANG_WARN_OBJC_ROOT_CLASS = YES_ERROR;
				CLANG_WARN_RANGE_LOOP_ANALYSIS = YES;
				CLANG_WARN_STRICT_PROTOTYPES = YES;
				CLANG_WARN_SUSPICIOUS_MOVE = YES;
				CLANG_WARN_UNGUARDED_AVAILABILITY = YES_AGGRESSIVE;
				CLANG_WARN_UNREACHABLE_CODE = YES;
				CLANG_WARN__DUPLICATE_METHOD_MATCH = YES;
				CODE_SIGN_IDENTITY = "iPhone Developer";
				COPY_PHASE_STRIP = NO;
				DEBUG_INFORMATION_FORMAT = "dwarf-with-dsym";
				ENABLE_NS_ASSERTIONS = NO;
				ENABLE_STRICT_OBJC_MSGSEND = YES;
				GCC_C_LANGUAGE_STANDARD = gnu11;
				GCC_NO_COMMON_BLOCKS = YES;
				GCC_WARN_64_TO_32_BIT_CONVERSION = YES;
				GCC_WARN_ABOUT_RETURN_TYPE = YES_ERROR;
				GCC_WARN_UNDECLARED_SELECTOR = YES;
				GCC_WARN_UNINITIALIZED_AUTOS = YES_AGGRESSIVE;
				GCC_WARN_UNUSED_FUNCTION = YES;
				GCC_WARN_UNUSED_VARIABLE = YES;
				IPHONEOS_DEPLOYMENT_TARGET = 11.2;
				MTL_ENABLE_DEBUG_INFO = NO;
				SDKROOT = iphoneos;
				SWIFT_OPTIMIZATION_LEVEL = "-Owholemodule";
				VALIDATE_PRODUCT = YES;
			};
			name = Release;
		};
		2E38D522202E2AEA00839D4F /* Debug */ = {
			isa = XCBuildConfiguration;
			buildSettings = {
				ASSETCATALOG_COMPILER_APPICON_NAME = AppIcon;
				CODE_SIGN_STYLE = Automatic;
				DEVELOPMENT_TEAM = A993YLEWEQ;
				INFOPLIST_FILE = MyApp/Info.plist;
				LD_RUNPATH_SEARCH_PATHS = "$(inherited) @executable_path/Frameworks";
				PRODUCT_BUNDLE_IDENTIFIER = tw.edu.nqu.MyApp;
				PRODUCT_NAME = "$(TARGET_NAME)";
				SWIFT_VERSION = 4.0;
				TARGETED_DEVICE_FAMILY = "1,2";
			};
			name = Debug;
		};
		2E38D523202E2AEA00839D4F /* Release */ = {
			isa = XCBuildConfiguration;
			buildSettings = {
				ASSETCATALOG_COMPILER_APPICON_NAME = AppIcon;
				CODE_SIGN_STYLE = Automatic;
				DEVELOPMENT_TEAM = A993YLEWEQ;
				INFOPLIST_FILE = MyApp/Info.plist;
				LD_RUNPATH_SEARCH_PATHS = "$(inherited) @executable_path/Frameworks";
				PRODUCT_BUNDLE_IDENTIFIER = tw.edu.nqu.MyApp;
				PRODUCT_NAME = "$(TARGET_NAME)";
				SWIFT_VERSION = 4.0;
				TARGETED_DEVICE_FAMILY = "1,2";
			};
			name = Release;
		};
		2E38D525202E2AEA00839D4F /* Debug */ = {
			isa = XCBuildConfiguration;
			buildSettings = {
				ALWAYS_EMBED_SWIFT_STANDARD_LIBRARIES = YES;
				BUNDLE_LOADER = "$(TEST_HOST)";
				CODE_SIGN_STYLE = Automatic;
				INFOPLIST_FILE = MyAppTests/Info.plist;
				LD_RUNPATH_SEARCH_PATHS = "$(inherited) @executable_path/Frameworks @loader_path/Frameworks";
				PRODUCT_BUNDLE_IDENTIFIER = tw.edu.nqu.MyAppTests;
				PRODUCT_NAME = "$(TARGET_NAME)";
				SWIFT_VERSION = 4.0;
				TARGETED_DEVICE_FAMILY = "1,2";
				TEST_HOST = "$(BUILT_PRODUCTS_DIR)/MyApp.app/MyApp";
			};
			name = Debug;
		};
		2E38D526202E2AEA00839D4F /* Release */ = {
			isa = XCBuildConfiguration;
			buildSettings = {
				ALWAYS_EMBED_SWIFT_STANDARD_LIBRARIES = YES;
				BUNDLE_LOADER = "$(TEST_HOST)";
				CODE_SIGN_STYLE = Automatic;
				INFOPLIST_FILE = MyAppTests/Info.plist;
				LD_RUNPATH_SEARCH_PATHS = "$(inherited) @executable_path/Frameworks @loader_path/Frameworks";
				PRODUCT_BUNDLE_IDENTIFIER = tw.edu.nqu.MyAppTests;
				PRODUCT_NAME = "$(TARGET_NAME)";
				SWIFT_VERSION = 4.0;
				TARGETED_DEVICE_FAMILY = "1,2";
				TEST_HOST = "$(BUILT_PRODUCTS_DIR)/MyApp.app/MyApp";
			};
			name = Release;
		};
		2E38D528202E2AEA00839D4F /* Debug */ = {
			isa = XCBuildConfiguration;
			buildSettings = {
				ALWAYS_EMBED_SWIFT_STANDARD_LIBRARIES = YES;
				CODE_SIGN_STYLE = Automatic;
				INFOPLIST_FILE = MyAppUITests/Info.plist;
				LD_RUNPATH_SEARCH_PATHS = "$(inherited) @executable_path/Frameworks @loader_path/Frameworks";
				PRODUCT_BUNDLE_IDENTIFIER = tw.edu.nqu.MyAppUITests;
				PRODUCT_NAME = "$(TARGET_NAME)";
				SWIFT_VERSION = 4.0;
				TARGETED_DEVICE_FAMILY = "1,2";
				TEST_TARGET_NAME = MyApp;
			};
			name = Debug;
		};
		2E38D529202E2AEA00839D4F /* Release */ = {
			isa = XCBuildConfiguration;
			buildSettings = {
				ALWAYS_EMBED_SWIFT_STANDARD_LIBRARIES = YES;
				CODE_SIGN_STYLE = Automatic;
				INFOPLIST_FILE = MyAppUITests/Info.plist;
				LD_RUNPATH_SEARCH_PATHS = "$(inherited) @executable_path/Frameworks @loader_path/Frameworks";
				PRODUCT_BUNDLE_IDENTIFIER = tw.edu.nqu.MyAppUITests;
				PRODUCT_NAME = "$(TARGET_NAME)";
				SWIFT_VERSION = 4.0;
				TARGETED_DEVICE_FAMILY = "1,2";
				TEST_TARGET_NAME = MyApp;
			};
			name = Release;
		};
/* End XCBuildConfiguration section */

/* Begin XCConfigurationList section */
		2E38D4F4202E2AEA00839D4F /* Build configuration list for PBXProject "MyApp" */ = {
			isa = XCConfigurationList;
			buildConfigurations = (
				2E38D51F202E2AEA00839D4F /* Debug */,
				2E38D520202E2AEA00839D4F /* Release */,
			);
			defaultConfigurationIsVisible = 0;
			defaultConfigurationName = Release;
		};
		2E38D521202E2AEA00839D4F /* Build configuration list for PBXNativeTarget "MyApp" */ = {
			isa = XCConfigurationList;
			buildConfigurations = (
				2E38D522202E2AEA00839D4F /* Debug */,
				2E38D523202E2AEA00839D4F /* Release */,
			);
			defaultConfigurationIsVisible = 0;
			defaultConfigurationName = Release;
		};
		2E38D524202E2AEA00839D4F /* Build configuration list for PBXNativeTarget "MyAppTests" */ = {
			isa = XCConfigurationList;
			buildConfigurations = (
				2E38D525202E2AEA00839D4F /* Debug */,
				2E38D526202E2AEA00839D4F /* Release */,
			);
			defaultConfigurationIsVisible = 0;
			defaultConfigurationName = Release;
		};
		2E38D527202E2AEA00839D4F /* Build configuration list for PBXNativeTarget "MyAppUITests" */ = {
			isa = XCConfigurationList;
			buildConfigurations = (
				2E38D528202E2AEA00839D4F /* Debug */,
				2E38D529202E2AEA00839D4F /* Release */,
			);
			defaultConfigurationIsVisible = 0;
			defaultConfigurationName = Release;
		};
/* End XCConfigurationList section */
	};
	rootObject = 2E38D4F1202E2AEA00839D4F /* Project object */;
}
